{
    "_meta": {
        "hash": {
            "sha256": "7a368e0d2f02ebfa6691823a3226aa1cae88c34fed5ba5a45d136a2de4caefa8"
        },
        "pipfile-spec": 6,
        "requires": {
            "python_version": "3.7"
        },
        "sources": [
            {
                "name": "pypi",
                "url": "https://pypi.org/simple",
                "verify_ssl": true
            }
        ]
    },
    "default": {
        "argparse": {
            "hashes": [
                "sha256:62b089a55be1d8949cd2bc7e0df0bddb9e028faefc8c32038cc84862aefdd6e4",
                "sha256:c31647edb69fd3d465a847ea3157d37bed1f95f19760b11a47aa91c04b666314"
            ],
            "version": "==1.4.0"
        },
        "beautifulsoup4": {
            "hashes": [
                "sha256:4c98143716ef1cb40bf7f39a8e3eec8f8b009509e74904ba3a7b315431577e35",
                "sha256:84729e322ad1d5b4d25f805bfa05b902dd96450f43842c4e99067d5e1369eb25",
                "sha256:fff47e031e34ec82bf17e00da8f592fe7de69aeea38be00523c04623c04fb666"
            ],
            "version": "==4.9.3"
        },
        "biopython": {
            "hashes": [
                "sha256:010142a8ec2549ff0649edd497658964ef1a18eefdb9fd942ec1e81b292ce2d9",
                "sha256:0b9fbb0d3022dc22716da108b8a81b80d952cd97ac1f106de491dce850f92f62",
                "sha256:0df5cddef2819c975e6508adf5d85aa046e449df5420d02b04871c7836b41273",
                "sha256:194528eda6856a4c68f840ca0bcc9b544a5edee3548b97521084e7ac38c833ca",
                "sha256:195f099c2c0c39518b6df921ab2b3cc43a601896018fc61909ac8385d5878866",
                "sha256:1df0bce7fd5e2414d6e18c9229fa0056914d2b9041531c71cac48f38a622142d",
                "sha256:1ee0a0b6c2376680fea6642d5080baa419fd73df104a62d58a8baf7a8bbe4564",
                "sha256:2bd5a630be2a8e593094f7b1717fc962eda8931b68542b97fbf9bd8e2ac1e08d",
                "sha256:4565c97fab16c5697d067b821b6a1da0ec3ef36a9c96cf103ac7b4a94eb9f9ba",
                "sha256:48d424453a5512a1d1d41a4acabdfe5291da1f491a2d3606f2b0e4fbd63aeda6",
                "sha256:5c0b369f91a76b8e5e36624d075585c3f0f088ea4a6e3d015c48f08e48ce0114",
                "sha256:639461a1ac5765406ec8ab8ed619845351f2ff22fed734d86e09e4a7b7719a08",
                "sha256:6ed345b1ef100d58d8376e31c280b13fc87bb8f73ccc447f8140344991b61459",
                "sha256:75b55000793f6b76334b8e80dc7e6d8cd2b019af917aa431cea6646e8e696c7f",
                "sha256:9b4374a47d924d4d4ffe2fea010ce75427bbfd92e45d50d5b1213a478baf680f",
                "sha256:ada611f12ee3b0bef7308ef41ee7b94898613b369ab44e0268d74bd1d6a06920",
                "sha256:b470c44d7a04e40a0cfc65853b1a5a6bf506a130c334cf4cffa05df07dbda366",
                "sha256:c130c8e64ae2e4c7c73f0c24974ac8a832190cc3cf3c3c7b4aaffc974effc993",
                "sha256:cc3b0b78022d14f11d508038a288a189d03c97c476d6636c7b6f98bd8bc8462b",
                "sha256:cfb93842501ebc0e0ef6520daddcbeeefc9b61736972580917dafd5c8a5a8041",
                "sha256:d15d09bfe0d3a8a416a596a3909d9718c811df852d969592b4fa9e0da9cf7375",
                "sha256:e0af107cc62a905d13d35dd7b38f335a37752ede45e4617139e84409a6a88dc4",
                "sha256:f1076653937947773768455556b1d24acad9575759e9089082f32636b09add54",
                "sha256:f5021a398c898b9cf6815cc5171c146a601b935b55364c53e6516a2545ab740c",
                "sha256:fe2bcf85d0f5f1888ed7d86c139e9d4e7d54e036c8ac54e929663d63548046a1"
            ],
            "version": "==1.78"
        },
        "bs4": {
            "hashes": [
                "sha256:36ecea1fd7cc5c0c6e4a1ff075df26d50da647b75376626cc186e2212886dd3a"
            ],
            "version": "==0.0.1"
        },
        "certifi": {
            "hashes": [
                "sha256:2bbf76fd432960138b3ef6dda3dde0544f27cbf8546c458e60baf371917ba9ee",
                "sha256:50b1e4f8446b06f41be7dd6338db18e0990601dce795c2b1686458aa7e8fa7d8"
            ],
            "version": "==2021.5.30"
        },
        "chardet": {
            "hashes": [
                "sha256:0d6f53a15db4120f2b08c94f11e7d93d2c911ee118b6b30a04ec3ee8310179fa",
                "sha256:f864054d66fd9118f2e67044ac8981a54775ec5b67aed0441892edb553d21da5"
            ],
            "version": "==4.0.0"
        },
        "e1839a8": {
            "editable": true,
            "path": "."
        },
        "idna": {
            "hashes": [
                "sha256:b307872f855b18632ce0c21c5e45be78c0ea7ae4c15c828c20788b26921eb3f6",
                "sha256:b97d804b1e9b523befed77c48dacec60e6dcb0b5391d57af6a65a312a90648c0"
            ],
            "version": "==2.10"
        },
        "numpy": {
            "hashes": [
                "sha256:1676b0a292dd3c99e49305a16d7a9f42a4ab60ec522eac0d3dd20cdf362ac010",
                "sha256:16f221035e8bd19b9dc9a57159e38d2dd060b48e93e1d843c49cb370b0f415fd",
                "sha256:43909c8bb289c382170e0282158a38cf306a8ad2ff6dfadc447e90f9961bef43",
                "sha256:4e465afc3b96dbc80cf4a5273e5e2b1e3451286361b4af70ce1adb2984d392f9",
                "sha256:55b745fca0a5ab738647d0e4db099bd0a23279c32b31a783ad2ccea729e632df",
                "sha256:5d050e1e4bc9ddb8656d7b4f414557720ddcca23a5b88dd7cff65e847864c400",
                "sha256:637d827248f447e63585ca3f4a7d2dfaa882e094df6cfa177cc9cf9cd6cdf6d2",
                "sha256:6690080810f77485667bfbff4f69d717c3be25e5b11bb2073e76bb3f578d99b4",
                "sha256:66fbc6fed94a13b9801fb70b96ff30605ab0a123e775a5e7a26938b717c5d71a",
                "sha256:67d44acb72c31a97a3d5d33d103ab06d8ac20770e1c5ad81bdb3f0c086a56cf6",
                "sha256:6ca2b85a5997dabc38301a22ee43c82adcb53ff660b89ee88dded6b33687e1d8",
                "sha256:6e51534e78d14b4a009a062641f465cfaba4fdcb046c3ac0b1f61dd97c861b1b",
                "sha256:70eb5808127284c4e5c9e836208e09d685a7978b6a216db85960b1a112eeace8",
                "sha256:830b044f4e64a76ba71448fce6e604c0fc47a0e54d8f6467be23749ac2cbd2fb",
                "sha256:8b7bb4b9280da3b2856cb1fc425932f46fba609819ee1c62256f61799e6a51d2",
                "sha256:a9c65473ebc342715cb2d7926ff1e202c26376c0dcaaee85a1fd4b8d8c1d3b2f",
                "sha256:c1c09247ccea742525bdb5f4b5ceeacb34f95731647fe55774aa36557dbb5fa4",
                "sha256:c5bf0e132acf7557fc9bb8ded8b53bbbbea8892f3c9a1738205878ca9434206a",
                "sha256:db250fd3e90117e0312b611574cd1b3f78bec046783195075cbd7ba9c3d73f16",
                "sha256:e515c9a93aebe27166ec9593411c58494fa98e5fcc219e47260d9ab8a1cc7f9f",
                "sha256:e55185e51b18d788e49fe8305fd73ef4470596b33fc2c1ceb304566b99c71a69",
                "sha256:ea9cff01e75a956dbee133fa8e5b68f2f92175233de2f88de3a682dd94deda65",
                "sha256:f1452578d0516283c87608a5a5548b0cdde15b99650efdfd85182102ef7a7c17",
                "sha256:f39a995e47cb8649673cfa0579fbdd1cdd33ea497d1728a6cb194d6252268e48"
            ],
            "version": "==1.20.3"
        },
        "requests": {
            "hashes": [
                "sha256:27973dd4a904a4f13b263a19c866c13b92a39ed1c964655f025f3f8d3d75b804",
                "sha256:c210084e36a42ae6b9219e00e48287def368a26d03a048ddad7bfee44f75871e"
            ],
            "version": "==2.25.1"
        },
        "soupsieve": {
            "hashes": [
                "sha256:052774848f448cf19c7e959adf5566904d525f33a3f8b6ba6f6f8f26ec7de0cc",
                "sha256:c2c1c2d44f158cdbddab7824a9af8c4f83c76b1e23e049479aa432feb6c4c23b"
            ],
            "markers": "python_version >= '3.0'",
            "version": "==2.2.1"
        },
        "urllib3": {
            "hashes": [
                "sha256:753a0374df26658f99d826cfe40394a686d05985786d946fbe4165b5148f5a7c",
                "sha256:a7acd0977125325f516bda9735fa7142b909a8d01e8b2e4c8108d0984e6e0098"
            ],
            "index": "pypi",
            "version": "==1.26.5"
        }
    },
    "develop": {}
}
